// !$*UTF8*$!
{
	archiveVersion = 1;
	classes = {
	};
	objectVersion = 50;
	objects = {

/* Begin PBXBuildFile section */
		41BE6F37003A58D8BD0D2CF6 /* Pods_CBStoreTests.framework in Frameworks */ = {isa = PBXBuildFile; fileRef = 36E99D7A6EFF2092312E72EF /* Pods_CBStoreTests.framework */; };
		D36CAF5421B5EC7900CB3257 /* CloudStorage.swift in Sources */ = {isa = PBXBuildFile; fileRef = D36CAF5321B5EC7900CB3257 /* CloudStorage.swift */; };
		D36CAF5621B5EDC100CB3257 /* CloudStoreKey.swift in Sources */ = {isa = PBXBuildFile; fileRef = D36CAF5521B5EDC000CB3257 /* CloudStoreKey.swift */; };
		E35FDB70B7672CCC81BEFD4A /* Pods_CBStore.framework in Frameworks */ = {isa = PBXBuildFile; fileRef = AF618C0AE9E56F89FD6BC6DB /* Pods_CBStore.framework */; };
		E75CDE06217D437A00DDC4C8 /* CBStore.framework in Frameworks */ = {isa = PBXBuildFile; fileRef = E75CDDFC217D437A00DDC4C8 /* CBStore.framework */; };
		E75CDE0B217D437A00DDC4C8 /* StoreTests.swift in Sources */ = {isa = PBXBuildFile; fileRef = E75CDE0A217D437A00DDC4C8 /* StoreTests.swift */; };
		E78E5042217E66350071C075 /* Stores.h in Headers */ = {isa = PBXBuildFile; fileRef = E78E502D217E66350071C075 /* Stores.h */; };
		E78E5043217E66350071C075 /* Store.swift in Sources */ = {isa = PBXBuildFile; fileRef = E78E502E217E66350071C075 /* Store.swift */; };
		E78E5045217E66350071C075 /* KeychainAccessibleKind.swift in Sources */ = {isa = PBXBuildFile; fileRef = E78E5031217E66350071C075 /* KeychainAccessibleKind.swift */; };
		E78E5046217E66350071C075 /* StoreKind.swift in Sources */ = {isa = PBXBuildFile; fileRef = E78E5032217E66350071C075 /* StoreKind.swift */; };
		E78E5047217E66350071C075 /* Storage.swift in Sources */ = {isa = PBXBuildFile; fileRef = E78E5034217E66350071C075 /* Storage.swift */; };
		E78E5048217E66350071C075 /* MemoryStorage.swift in Sources */ = {isa = PBXBuildFile; fileRef = E78E5035217E66350071C075 /* MemoryStorage.swift */; };
		E78E5049217E66350071C075 /* KeychainStorage.swift in Sources */ = {isa = PBXBuildFile; fileRef = E78E5036217E66350071C075 /* KeychainStorage.swift */; };
		E78E504A217E66350071C075 /* UserDefaultsStorage.swift in Sources */ = {isa = PBXBuildFile; fileRef = E78E5037217E66350071C075 /* UserDefaultsStorage.swift */; };
		E78E504B217E66350071C075 /* Bundle+Stores.swift in Sources */ = {isa = PBXBuildFile; fileRef = E78E5039217E66350071C075 /* Bundle+Stores.swift */; };
		E78E504C217E66350071C075 /* StoreKey.swift in Sources */ = {isa = PBXBuildFile; fileRef = E78E503B217E66350071C075 /* StoreKey.swift */; };
		E78E504D217E66350071C075 /* KeychainStoreKey.swift in Sources */ = {isa = PBXBuildFile; fileRef = E78E503C217E66350071C075 /* KeychainStoreKey.swift */; };
		E78E504E217E66350071C075 /* UserDefaultsStoreKey.swift in Sources */ = {isa = PBXBuildFile; fileRef = E78E503D217E66350071C075 /* UserDefaultsStoreKey.swift */; };
		E78E504F217E66350071C075 /* MemoryStoreKey.swift in Sources */ = {isa = PBXBuildFile; fileRef = E78E503E217E66350071C075 /* MemoryStoreKey.swift */; };
		E78E5050217E66350071C075 /* StoreProtocol.swift in Sources */ = {isa = PBXBuildFile; fileRef = E78E5040217E66350071C075 /* StoreProtocol.swift */; };
		E78E5051217E66350071C075 /* Storable.swift in Sources */ = {isa = PBXBuildFile; fileRef = E78E5041217E66350071C075 /* Storable.swift */; };
		E792A795217D47DD00D46FF7 /* AppDelegate.swift in Sources */ = {isa = PBXBuildFile; fileRef = E792A794217D47DD00D46FF7 /* AppDelegate.swift */; };
		E792A797217D47DD00D46FF7 /* ViewController.swift in Sources */ = {isa = PBXBuildFile; fileRef = E792A796217D47DD00D46FF7 /* ViewController.swift */; };
		E792A79A217D47DD00D46FF7 /* Main.storyboard in Resources */ = {isa = PBXBuildFile; fileRef = E792A798217D47DD00D46FF7 /* Main.storyboard */; };
		E792A79C217D47DE00D46FF7 /* Assets.xcassets in Resources */ = {isa = PBXBuildFile; fileRef = E792A79B217D47DE00D46FF7 /* Assets.xcassets */; };
		E792A79F217D47DE00D46FF7 /* LaunchScreen.storyboard in Resources */ = {isa = PBXBuildFile; fileRef = E792A79D217D47DE00D46FF7 /* LaunchScreen.storyboard */; };
		E7EFBD5F220CE5B700496787 /* StoreError.swift in Sources */ = {isa = PBXBuildFile; fileRef = E7EFBD5E220CE5B700496787 /* StoreError.swift */; };
/* End PBXBuildFile section */

/* Begin PBXContainerItemProxy section */
		E75CDE07217D437A00DDC4C8 /* PBXContainerItemProxy */ = {
			isa = PBXContainerItemProxy;
			containerPortal = E75CDDF3217D437A00DDC4C8 /* Project object */;
			proxyType = 1;
			remoteGlobalIDString = E75CDDFB217D437A00DDC4C8;
			remoteInfo = Stores;
		};
		E792A7A5217D482300D46FF7 /* PBXContainerItemProxy */ = {
			isa = PBXContainerItemProxy;
			containerPortal = E75CDDF3217D437A00DDC4C8 /* Project object */;
			proxyType = 1;
			remoteGlobalIDString = E792A791217D47DD00D46FF7;
			remoteInfo = StoresTestHostApp;
		};
/* End PBXContainerItemProxy section */

/* Begin PBXFileReference section */
		06914400EE36C2D5ED4E2FF3 /* Pods-StoresTests.debug.xcconfig */ = {isa = PBXFileReference; includeInIndex = 1; lastKnownFileType = text.xcconfig; name = "Pods-StoresTests.debug.xcconfig"; path = "Pods/Target Support Files/Pods-StoresTests/Pods-StoresTests.debug.xcconfig"; sourceTree = "<group>"; };
		0AED1E8FACBB54157B26EBD7 /* Pods-Stores.debug.xcconfig */ = {isa = PBXFileReference; includeInIndex = 1; lastKnownFileType = text.xcconfig; name = "Pods-Stores.debug.xcconfig"; path = "Pods/Target Support Files/Pods-Stores/Pods-Stores.debug.xcconfig"; sourceTree = "<group>"; };
		1262E01D45D7E7DE885A7CE8 /* Pods-CBStore.debug.xcconfig */ = {isa = PBXFileReference; includeInIndex = 1; lastKnownFileType = text.xcconfig; name = "Pods-CBStore.debug.xcconfig"; path = "Pods/Target Support Files/Pods-CBStore/Pods-CBStore.debug.xcconfig"; sourceTree = "<group>"; };
		36E99D7A6EFF2092312E72EF /* Pods_CBStoreTests.framework */ = {isa = PBXFileReference; explicitFileType = wrapper.framework; includeInIndex = 0; path = Pods_CBStoreTests.framework; sourceTree = BUILT_PRODUCTS_DIR; };
		3E523AD3D6BAE65F71DA0202 /* Pods_Stores.framework */ = {isa = PBXFileReference; explicitFileType = wrapper.framework; includeInIndex = 0; path = Pods_Stores.framework; sourceTree = BUILT_PRODUCTS_DIR; };
		6BD01A1F071B1A67238F4126 /* Pods-CBStore.release.xcconfig */ = {isa = PBXFileReference; includeInIndex = 1; lastKnownFileType = text.xcconfig; name = "Pods-CBStore.release.xcconfig"; path = "Pods/Target Support Files/Pods-CBStore/Pods-CBStore.release.xcconfig"; sourceTree = "<group>"; };
		7666A7413D4C8D0A00048E28 /* Pods_StoresTests.framework */ = {isa = PBXFileReference; explicitFileType = wrapper.framework; includeInIndex = 0; path = Pods_StoresTests.framework; sourceTree = BUILT_PRODUCTS_DIR; };
		95D6C505CE78BF296CCA6C8D /* Pods-StoresTests.release.xcconfig */ = {isa = PBXFileReference; includeInIndex = 1; lastKnownFileType = text.xcconfig; name = "Pods-StoresTests.release.xcconfig"; path = "Pods/Target Support Files/Pods-StoresTests/Pods-StoresTests.release.xcconfig"; sourceTree = "<group>"; };
		A5AD7B90C93FB605A25805FF /* Pods-CBStoreTests.debug.xcconfig */ = {isa = PBXFileReference; includeInIndex = 1; lastKnownFileType = text.xcconfig; name = "Pods-CBStoreTests.debug.xcconfig"; path = "Pods/Target Support Files/Pods-CBStoreTests/Pods-CBStoreTests.debug.xcconfig"; sourceTree = "<group>"; };
		AF618C0AE9E56F89FD6BC6DB /* Pods_CBStore.framework */ = {isa = PBXFileReference; explicitFileType = wrapper.framework; includeInIndex = 0; path = Pods_CBStore.framework; sourceTree = BUILT_PRODUCTS_DIR; };
		C68D0188660C44BF457099E5 /* Pods-Stores.release.xcconfig */ = {isa = PBXFileReference; includeInIndex = 1; lastKnownFileType = text.xcconfig; name = "Pods-Stores.release.xcconfig"; path = "Pods/Target Support Files/Pods-Stores/Pods-Stores.release.xcconfig"; sourceTree = "<group>"; };
		D36CAF5321B5EC7900CB3257 /* CloudStorage.swift */ = {isa = PBXFileReference; lastKnownFileType = sourcecode.swift; path = CloudStorage.swift; sourceTree = "<group>"; };
		D36CAF5521B5EDC000CB3257 /* CloudStoreKey.swift */ = {isa = PBXFileReference; lastKnownFileType = sourcecode.swift; path = CloudStoreKey.swift; sourceTree = "<group>"; };
		E75CDDFC217D437A00DDC4C8 /* CBStore.framework */ = {isa = PBXFileReference; explicitFileType = wrapper.framework; includeInIndex = 0; path = CBStore.framework; sourceTree = BUILT_PRODUCTS_DIR; };
		E75CDE05217D437A00DDC4C8 /* CBStoreTests.xctest */ = {isa = PBXFileReference; explicitFileType = wrapper.cfbundle; includeInIndex = 0; path = CBStoreTests.xctest; sourceTree = BUILT_PRODUCTS_DIR; };
		E75CDE0A217D437A00DDC4C8 /* StoreTests.swift */ = {isa = PBXFileReference; lastKnownFileType = sourcecode.swift; path = StoreTests.swift; sourceTree = "<group>"; };
		E75CDE0C217D437A00DDC4C8 /* Info.plist */ = {isa = PBXFileReference; lastKnownFileType = text.plist.xml; path = Info.plist; sourceTree = "<group>"; };
		E78E502D217E66350071C075 /* Stores.h */ = {isa = PBXFileReference; fileEncoding = 4; lastKnownFileType = sourcecode.c.h; path = Stores.h; sourceTree = "<group>"; };
		E78E502E217E66350071C075 /* Store.swift */ = {isa = PBXFileReference; fileEncoding = 4; lastKnownFileType = sourcecode.swift; path = Store.swift; sourceTree = "<group>"; };
		E78E502F217E66350071C075 /* Info.plist */ = {isa = PBXFileReference; fileEncoding = 4; lastKnownFileType = text.plist.xml; path = Info.plist; sourceTree = "<group>"; };
		E78E5031217E66350071C075 /* KeychainAccessibleKind.swift */ = {isa = PBXFileReference; fileEncoding = 4; lastKnownFileType = sourcecode.swift; path = KeychainAccessibleKind.swift; sourceTree = "<group>"; };
		E78E5032217E66350071C075 /* StoreKind.swift */ = {isa = PBXFileReference; fileEncoding = 4; lastKnownFileType = sourcecode.swift; path = StoreKind.swift; sourceTree = "<group>"; };
		E78E5034217E66350071C075 /* Storage.swift */ = {isa = PBXFileReference; fileEncoding = 4; lastKnownFileType = sourcecode.swift; path = Storage.swift; sourceTree = "<group>"; };
		E78E5035217E66350071C075 /* MemoryStorage.swift */ = {isa = PBXFileReference; fileEncoding = 4; lastKnownFileType = sourcecode.swift; path = MemoryStorage.swift; sourceTree = "<group>"; };
		E78E5036217E66350071C075 /* KeychainStorage.swift */ = {isa = PBXFileReference; fileEncoding = 4; lastKnownFileType = sourcecode.swift; path = KeychainStorage.swift; sourceTree = "<group>"; };
		E78E5037217E66350071C075 /* UserDefaultsStorage.swift */ = {isa = PBXFileReference; fileEncoding = 4; lastKnownFileType = sourcecode.swift; path = UserDefaultsStorage.swift; sourceTree = "<group>"; };
		E78E5039217E66350071C075 /* Bundle+Stores.swift */ = {isa = PBXFileReference; fileEncoding = 4; lastKnownFileType = sourcecode.swift; path = "Bundle+Stores.swift"; sourceTree = "<group>"; };
		E78E503B217E66350071C075 /* StoreKey.swift */ = {isa = PBXFileReference; fileEncoding = 4; lastKnownFileType = sourcecode.swift; path = StoreKey.swift; sourceTree = "<group>"; };
		E78E503C217E66350071C075 /* KeychainStoreKey.swift */ = {isa = PBXFileReference; fileEncoding = 4; lastKnownFileType = sourcecode.swift; path = KeychainStoreKey.swift; sourceTree = "<group>"; };
		E78E503D217E66350071C075 /* UserDefaultsStoreKey.swift */ = {isa = PBXFileReference; fileEncoding = 4; lastKnownFileType = sourcecode.swift; path = UserDefaultsStoreKey.swift; sourceTree = "<group>"; };
		E78E503E217E66350071C075 /* MemoryStoreKey.swift */ = {isa = PBXFileReference; fileEncoding = 4; lastKnownFileType = sourcecode.swift; path = MemoryStoreKey.swift; sourceTree = "<group>"; };
		E78E5040217E66350071C075 /* StoreProtocol.swift */ = {isa = PBXFileReference; fileEncoding = 4; lastKnownFileType = sourcecode.swift; path = StoreProtocol.swift; sourceTree = "<group>"; };
		E78E5041217E66350071C075 /* Storable.swift */ = {isa = PBXFileReference; fileEncoding = 4; lastKnownFileType = sourcecode.swift; path = Storable.swift; sourceTree = "<group>"; };
		E792A792217D47DD00D46FF7 /* CBStoreTestHostApp.app */ = {isa = PBXFileReference; explicitFileType = wrapper.application; includeInIndex = 0; path = CBStoreTestHostApp.app; sourceTree = BUILT_PRODUCTS_DIR; };
		E792A794217D47DD00D46FF7 /* AppDelegate.swift */ = {isa = PBXFileReference; lastKnownFileType = sourcecode.swift; path = AppDelegate.swift; sourceTree = "<group>"; };
		E792A796217D47DD00D46FF7 /* ViewController.swift */ = {isa = PBXFileReference; lastKnownFileType = sourcecode.swift; path = ViewController.swift; sourceTree = "<group>"; };
		E792A799217D47DD00D46FF7 /* Base */ = {isa = PBXFileReference; lastKnownFileType = file.storyboard; name = Base; path = Base.lproj/Main.storyboard; sourceTree = "<group>"; };
		E792A79B217D47DE00D46FF7 /* Assets.xcassets */ = {isa = PBXFileReference; lastKnownFileType = folder.assetcatalog; path = Assets.xcassets; sourceTree = "<group>"; };
		E792A79E217D47DE00D46FF7 /* Base */ = {isa = PBXFileReference; lastKnownFileType = file.storyboard; name = Base; path = Base.lproj/LaunchScreen.storyboard; sourceTree = "<group>"; };
		E792A7A0217D47DE00D46FF7 /* Info.plist */ = {isa = PBXFileReference; lastKnownFileType = text.plist.xml; path = Info.plist; sourceTree = "<group>"; };
		E792A7A4217D481400D46FF7 /* StoresTestHostApp.entitlements */ = {isa = PBXFileReference; lastKnownFileType = text.plist.entitlements; path = StoresTestHostApp.entitlements; sourceTree = "<group>"; };
		E7EFBD5E220CE5B700496787 /* StoreError.swift */ = {isa = PBXFileReference; lastKnownFileType = sourcecode.swift; path = StoreError.swift; sourceTree = "<group>"; };
		F283C25CB67B68CB78CFCADD /* Pods-CBStoreTests.release.xcconfig */ = {isa = PBXFileReference; includeInIndex = 1; lastKnownFileType = text.xcconfig; name = "Pods-CBStoreTests.release.xcconfig"; path = "Pods/Target Support Files/Pods-CBStoreTests/Pods-CBStoreTests.release.xcconfig"; sourceTree = "<group>"; };
/* End PBXFileReference section */

/* Begin PBXFrameworksBuildPhase section */
		E75CDDF9217D437A00DDC4C8 /* Frameworks */ = {
			isa = PBXFrameworksBuildPhase;
			buildActionMask = 2147483647;
			files = (
				E35FDB70B7672CCC81BEFD4A /* Pods_CBStore.framework in Frameworks */,
			);
			runOnlyForDeploymentPostprocessing = 0;
		};
		E75CDE02217D437A00DDC4C8 /* Frameworks */ = {
			isa = PBXFrameworksBuildPhase;
			buildActionMask = 2147483647;
			files = (
				E75CDE06217D437A00DDC4C8 /* CBStore.framework in Frameworks */,
				41BE6F37003A58D8BD0D2CF6 /* Pods_CBStoreTests.framework in Frameworks */,
			);
			runOnlyForDeploymentPostprocessing = 0;
		};
		E792A78F217D47DD00D46FF7 /* Frameworks */ = {
			isa = PBXFrameworksBuildPhase;
			buildActionMask = 2147483647;
			files = (
			);
			runOnlyForDeploymentPostprocessing = 0;
		};
/* End PBXFrameworksBuildPhase section */

/* Begin PBXGroup section */
		D371A06B8D9055941C0832AD /* Pods */ = {
			isa = PBXGroup;
			children = (
				0AED1E8FACBB54157B26EBD7 /* Pods-Stores.debug.xcconfig */,
				C68D0188660C44BF457099E5 /* Pods-Stores.release.xcconfig */,
				06914400EE36C2D5ED4E2FF3 /* Pods-StoresTests.debug.xcconfig */,
				95D6C505CE78BF296CCA6C8D /* Pods-StoresTests.release.xcconfig */,
				1262E01D45D7E7DE885A7CE8 /* Pods-CBStore.debug.xcconfig */,
				6BD01A1F071B1A67238F4126 /* Pods-CBStore.release.xcconfig */,
				A5AD7B90C93FB605A25805FF /* Pods-CBStoreTests.debug.xcconfig */,
				F283C25CB67B68CB78CFCADD /* Pods-CBStoreTests.release.xcconfig */,
			);
			name = Pods;
			sourceTree = "<group>";
		};
		E75CDDF2217D437A00DDC4C8 = {
			isa = PBXGroup;
			children = (
				E78E502B217E66350071C075 /* CBStore */,
				EB2F71D39754D3BFD0326040 /* Frameworks */,
				D371A06B8D9055941C0832AD /* Pods */,
				E75CDDFD217D437A00DDC4C8 /* Products */,
				E792A793217D47DD00D46FF7 /* StoresTestHostApp */,
				E75CDE09217D437A00DDC4C8 /* StoresTests */,
			);
			sourceTree = "<group>";
		};
		E75CDDFD217D437A00DDC4C8 /* Products */ = {
			isa = PBXGroup;
			children = (
				E75CDDFC217D437A00DDC4C8 /* CBStore.framework */,
				E75CDE05217D437A00DDC4C8 /* CBStoreTests.xctest */,
				E792A792217D47DD00D46FF7 /* CBStoreTestHostApp.app */,
			);
			name = Products;
			sourceTree = "<group>";
		};
		E75CDE09217D437A00DDC4C8 /* StoresTests */ = {
			isa = PBXGroup;
			children = (
				E75CDE0C217D437A00DDC4C8 /* Info.plist */,
				E75CDE0A217D437A00DDC4C8 /* StoreTests.swift */,
			);
			path = StoresTests;
			sourceTree = "<group>";
		};
		E78E502B217E66350071C075 /* CBStore */ = {
			isa = PBXGroup;
			children = (
				E7EFBD5D220CE5A500496787 /* Errors */,
				E78E5038217E66350071C075 /* Extensions */,
				E78E503A217E66350071C075 /* Keys */,
				E78E5030217E66350071C075 /* Models */,
				E78E502C217E66350071C075 /* Module */,
				E78E5033217E66350071C075 /* PersistentStorage */,
				E78E503F217E66350071C075 /* Protocols */,
			);
			path = CBStore;
			sourceTree = "<group>";
		};
		E78E502C217E66350071C075 /* Module */ = {
			isa = PBXGroup;
			children = (
				E78E502F217E66350071C075 /* Info.plist */,
				E78E502E217E66350071C075 /* Store.swift */,
				E78E502D217E66350071C075 /* Stores.h */,
			);
			path = Module;
			sourceTree = "<group>";
		};
		E78E5030217E66350071C075 /* Models */ = {
			isa = PBXGroup;
			children = (
				E78E5031217E66350071C075 /* KeychainAccessibleKind.swift */,
				E78E5032217E66350071C075 /* StoreKind.swift */,
			);
			path = Models;
			sourceTree = "<group>";
		};
		E78E5033217E66350071C075 /* PersistentStorage */ = {
			isa = PBXGroup;
			children = (
				D36CAF5321B5EC7900CB3257 /* CloudStorage.swift */,
				E78E5036217E66350071C075 /* KeychainStorage.swift */,
				E78E5035217E66350071C075 /* MemoryStorage.swift */,
				E78E5037217E66350071C075 /* UserDefaultsStorage.swift */,
			);
			path = PersistentStorage;
			sourceTree = "<group>";
		};
		E78E5038217E66350071C075 /* Extensions */ = {
			isa = PBXGroup;
			children = (
				E78E5039217E66350071C075 /* Bundle+Stores.swift */,
			);
			path = Extensions;
			sourceTree = "<group>";
		};
		E78E503A217E66350071C075 /* Keys */ = {
			isa = PBXGroup;
			children = (
				D36CAF5521B5EDC000CB3257 /* CloudStoreKey.swift */,
				E78E503C217E66350071C075 /* KeychainStoreKey.swift */,
				E78E503E217E66350071C075 /* MemoryStoreKey.swift */,
				E78E503B217E66350071C075 /* StoreKey.swift */,
				E78E503D217E66350071C075 /* UserDefaultsStoreKey.swift */,
			);
			path = Keys;
			sourceTree = "<group>";
		};
		E78E503F217E66350071C075 /* Protocols */ = {
			isa = PBXGroup;
			children = (
				E78E5041217E66350071C075 /* Storable.swift */,
				E78E5034217E66350071C075 /* Storage.swift */,
				E78E5040217E66350071C075 /* StoreProtocol.swift */,
			);
			path = Protocols;
			sourceTree = "<group>";
		};
		E792A793217D47DD00D46FF7 /* StoresTestHostApp */ = {
			isa = PBXGroup;
			children = (
				E792A794217D47DD00D46FF7 /* AppDelegate.swift */,
				E792A79B217D47DE00D46FF7 /* Assets.xcassets */,
				E792A7A0217D47DE00D46FF7 /* Info.plist */,
				E792A79D217D47DE00D46FF7 /* LaunchScreen.storyboard */,
				E792A798217D47DD00D46FF7 /* Main.storyboard */,
				E792A7A4217D481400D46FF7 /* StoresTestHostApp.entitlements */,
				E792A796217D47DD00D46FF7 /* ViewController.swift */,
			);
			path = StoresTestHostApp;
			sourceTree = "<group>";
		};
		E7EFBD5D220CE5A500496787 /* Errors */ = {
			isa = PBXGroup;
			children = (
				E7EFBD5E220CE5B700496787 /* StoreError.swift */,
			);
			path = Errors;
			sourceTree = "<group>";
		};
		EB2F71D39754D3BFD0326040 /* Frameworks */ = {
			isa = PBXGroup;
			children = (
				3E523AD3D6BAE65F71DA0202 /* Pods_Stores.framework */,
				7666A7413D4C8D0A00048E28 /* Pods_StoresTests.framework */,
				AF618C0AE9E56F89FD6BC6DB /* Pods_CBStore.framework */,
				36E99D7A6EFF2092312E72EF /* Pods_CBStoreTests.framework */,
			);
			name = Frameworks;
			sourceTree = "<group>";
		};
/* End PBXGroup section */

/* Begin PBXHeadersBuildPhase section */
		E75CDDF7217D437A00DDC4C8 /* Headers */ = {
			isa = PBXHeadersBuildPhase;
			buildActionMask = 2147483647;
			files = (
				E78E5042217E66350071C075 /* Stores.h in Headers */,
			);
			runOnlyForDeploymentPostprocessing = 0;
		};
/* End PBXHeadersBuildPhase section */

/* Begin PBXNativeTarget section */
		E75CDDFB217D437A00DDC4C8 /* CBStore */ = {
			isa = PBXNativeTarget;
			buildConfigurationList = E75CDE10217D437A00DDC4C8 /* Build configuration list for PBXNativeTarget "CBStore" */;
			buildPhases = (
				0394B45442BE69440DC58A40 /* [CP] Check Pods Manifest.lock */,
				E75CDDF7217D437A00DDC4C8 /* Headers */,
				E75CDDF8217D437A00DDC4C8 /* Sources */,
				E75CDDF9217D437A00DDC4C8 /* Frameworks */,
				E75CDDFA217D437A00DDC4C8 /* Resources */,
			);
			buildRules = (
			);
			dependencies = (
			);
			name = CBStore;
			productName = Stores;
			productReference = E75CDDFC217D437A00DDC4C8 /* CBStore.framework */;
			productType = "com.apple.product-type.framework";
		};
		E75CDE04217D437A00DDC4C8 /* CBStoreTests */ = {
			isa = PBXNativeTarget;
			buildConfigurationList = E75CDE13217D437A00DDC4C8 /* Build configuration list for PBXNativeTarget "CBStoreTests" */;
			buildPhases = (
				2075163459707A0ADFC1E785 /* [CP] Check Pods Manifest.lock */,
				E75CDE01217D437A00DDC4C8 /* Sources */,
				E75CDE02217D437A00DDC4C8 /* Frameworks */,
				E75CDE03217D437A00DDC4C8 /* Resources */,
				90B9D0D9ECF72F9C9515308C /* [CP] Embed Pods Frameworks */,
			);
			buildRules = (
			);
			dependencies = (
				E75CDE08217D437A00DDC4C8 /* PBXTargetDependency */,
				E792A7A6217D482300D46FF7 /* PBXTargetDependency */,
			);
			name = CBStoreTests;
			productName = StoresTests;
			productReference = E75CDE05217D437A00DDC4C8 /* CBStoreTests.xctest */;
			productType = "com.apple.product-type.bundle.unit-test";
		};
		E792A791217D47DD00D46FF7 /* CBStoreTestHostApp */ = {
			isa = PBXNativeTarget;
			buildConfigurationList = E792A7A1217D47DE00D46FF7 /* Build configuration list for PBXNativeTarget "CBStoreTestHostApp" */;
			buildPhases = (
				E792A78E217D47DD00D46FF7 /* Sources */,
				E792A78F217D47DD00D46FF7 /* Frameworks */,
				E792A790217D47DD00D46FF7 /* Resources */,
			);
			buildRules = (
			);
			dependencies = (
			);
			name = CBStoreTestHostApp;
			productName = StoresTestHostApp;
			productReference = E792A792217D47DD00D46FF7 /* CBStoreTestHostApp.app */;
			productType = "com.apple.product-type.application";
		};
/* End PBXNativeTarget section */

/* Begin PBXProject section */
		E75CDDF3217D437A00DDC4C8 /* Project object */ = {
			isa = PBXProject;
			attributes = {
				LastSwiftUpdateCheck = 1000;
				LastUpgradeCheck = 1000;
				ORGANIZATIONNAME = "Coinbase Inc";
				TargetAttributes = {
					E75CDDFB217D437A00DDC4C8 = {
						CreatedOnToolsVersion = 10.0;
					};
					E75CDE04217D437A00DDC4C8 = {
						CreatedOnToolsVersion = 10.0;
						TestTargetID = E792A791217D47DD00D46FF7;
					};
					E792A791217D47DD00D46FF7 = {
						CreatedOnToolsVersion = 10.0;
						SystemCapabilities = {
							com.apple.Keychain = {
								enabled = 1;
							};
						};
					};
				};
			};
			buildConfigurationList = E75CDDF6217D437A00DDC4C8 /* Build configuration list for PBXProject "CBStore" */;
			compatibilityVersion = "Xcode 9.3";
			developmentRegion = en;
			hasScannedForEncodings = 0;
			knownRegions = (
				en,
				Base,
			);
			mainGroup = E75CDDF2217D437A00DDC4C8;
			productRefGroup = E75CDDFD217D437A00DDC4C8 /* Products */;
			projectDirPath = "";
			projectRoot = "";
			targets = (
				E75CDDFB217D437A00DDC4C8 /* CBStore */,
				E75CDE04217D437A00DDC4C8 /* CBStoreTests */,
				E792A791217D47DD00D46FF7 /* CBStoreTestHostApp */,
			);
		};
/* End PBXProject section */

/* Begin PBXResourcesBuildPhase section */
		E75CDDFA217D437A00DDC4C8 /* Resources */ = {
			isa = PBXResourcesBuildPhase;
			buildActionMask = 2147483647;
			files = (
			);
			runOnlyForDeploymentPostprocessing = 0;
		};
		E75CDE03217D437A00DDC4C8 /* Resources */ = {
			isa = PBXResourcesBuildPhase;
			buildActionMask = 2147483647;
			files = (
			);
			runOnlyForDeploymentPostprocessing = 0;
		};
		E792A790217D47DD00D46FF7 /* Resources */ = {
			isa = PBXResourcesBuildPhase;
			buildActionMask = 2147483647;
			files = (
				E792A79F217D47DE00D46FF7 /* LaunchScreen.storyboard in Resources */,
				E792A79C217D47DE00D46FF7 /* Assets.xcassets in Resources */,
				E792A79A217D47DD00D46FF7 /* Main.storyboard in Resources */,
			);
			runOnlyForDeploymentPostprocessing = 0;
		};
/* End PBXResourcesBuildPhase section */

/* Begin PBXShellScriptBuildPhase section */
		0394B45442BE69440DC58A40 /* [CP] Check Pods Manifest.lock */ = {
			isa = PBXShellScriptBuildPhase;
			buildActionMask = 2147483647;
			files = (
			);
			inputFileListPaths = (
			);
			inputPaths = (
				"${PODS_PODFILE_DIR_PATH}/Podfile.lock",
				"${PODS_ROOT}/Manifest.lock",
			);
			name = "[CP] Check Pods Manifest.lock";
			outputFileListPaths = (
			);
			outputPaths = (
				"$(DERIVED_FILE_DIR)/Pods-CBStore-checkManifestLockResult.txt",
			);
			runOnlyForDeploymentPostprocessing = 0;
			shellPath = /bin/sh;
			shellScript = "diff \"${PODS_PODFILE_DIR_PATH}/Podfile.lock\" \"${PODS_ROOT}/Manifest.lock\" > /dev/null\nif [ $? != 0 ] ; then\n    # print error to STDERR\n    echo \"error: The sandbox is not in sync with the Podfile.lock. Run 'pod install' or update your CocoaPods installation.\" >&2\n    exit 1\nfi\n# This output is used by Xcode 'outputs' to avoid re-running this script phase.\necho \"SUCCESS\" > \"${SCRIPT_OUTPUT_FILE_0}\"\n";
			showEnvVarsInLog = 0;
		};
		2075163459707A0ADFC1E785 /* [CP] Check Pods Manifest.lock */ = {
			isa = PBXShellScriptBuildPhase;
			buildActionMask = 2147483647;
			files = (
			);
			inputFileListPaths = (
			);
			inputPaths = (
				"${PODS_PODFILE_DIR_PATH}/Podfile.lock",
				"${PODS_ROOT}/Manifest.lock",
			);
			name = "[CP] Check Pods Manifest.lock";
			outputFileListPaths = (
			);
			outputPaths = (
				"$(DERIVED_FILE_DIR)/Pods-CBStoreTests-checkManifestLockResult.txt",
			);
			runOnlyForDeploymentPostprocessing = 0;
			shellPath = /bin/sh;
			shellScript = "diff \"${PODS_PODFILE_DIR_PATH}/Podfile.lock\" \"${PODS_ROOT}/Manifest.lock\" > /dev/null\nif [ $? != 0 ] ; then\n    # print error to STDERR\n    echo \"error: The sandbox is not in sync with the Podfile.lock. Run 'pod install' or update your CocoaPods installation.\" >&2\n    exit 1\nfi\n# This output is used by Xcode 'outputs' to avoid re-running this script phase.\necho \"SUCCESS\" > \"${SCRIPT_OUTPUT_FILE_0}\"\n";
			showEnvVarsInLog = 0;
		};
		90B9D0D9ECF72F9C9515308C /* [CP] Embed Pods Frameworks */ = {
			isa = PBXShellScriptBuildPhase;
			buildActionMask = 2147483647;
			files = (
			);
			inputFileListPaths = (
				"${PODS_ROOT}/Target Support Files/Pods-CBStoreTests/Pods-CBStoreTests-frameworks-${CONFIGURATION}-input-files.xcfilelist",
			);
			name = "[CP] Embed Pods Frameworks";
			outputFileListPaths = (
				"${PODS_ROOT}/Target Support Files/Pods-CBStoreTests/Pods-CBStoreTests-frameworks-${CONFIGURATION}-output-files.xcfilelist",
			);
			runOnlyForDeploymentPostprocessing = 0;
			shellPath = /bin/sh;
			shellScript = "\"${PODS_ROOT}/Target Support Files/Pods-CBStoreTests/Pods-CBStoreTests-frameworks.sh\"\n";
			showEnvVarsInLog = 0;
		};
/* End PBXShellScriptBuildPhase section */

/* Begin PBXSourcesBuildPhase section */
		E75CDDF8217D437A00DDC4C8 /* Sources */ = {
			isa = PBXSourcesBuildPhase;
			buildActionMask = 2147483647;
			files = (
				E78E5046217E66350071C075 /* StoreKind.swift in Sources */,
				E78E5051217E66350071C075 /* Storable.swift in Sources */,
				E78E504C217E66350071C075 /* StoreKey.swift in Sources */,
				E78E504A217E66350071C075 /* UserDefaultsStorage.swift in Sources */,
				E78E5047217E66350071C075 /* Storage.swift in Sources */,
				D36CAF5621B5EDC100CB3257 /* CloudStoreKey.swift in Sources */,
				E78E504B217E66350071C075 /* Bundle+Stores.swift in Sources */,
				E78E5043217E66350071C075 /* Store.swift in Sources */,
				E78E504F217E66350071C075 /* MemoryStoreKey.swift in Sources */,
				D36CAF5421B5EC7900CB3257 /* CloudStorage.swift in Sources */,
				E78E5045217E66350071C075 /* KeychainAccessibleKind.swift in Sources */,
				E78E504E217E66350071C075 /* UserDefaultsStoreKey.swift in Sources */,
				E78E504D217E66350071C075 /* KeychainStoreKey.swift in Sources */,
				E78E5048217E66350071C075 /* MemoryStorage.swift in Sources */,
				E78E5049217E66350071C075 /* KeychainStorage.swift in Sources */,
				E78E5050217E66350071C075 /* StoreProtocol.swift in Sources */,
				E7EFBD5F220CE5B700496787 /* StoreError.swift in Sources */,
			);
			runOnlyForDeploymentPostprocessing = 0;
		};
		E75CDE01217D437A00DDC4C8 /* Sources */ = {
			isa = PBXSourcesBuildPhase;
			buildActionMask = 2147483647;
			files = (
				E75CDE0B217D437A00DDC4C8 /* StoreTests.swift in Sources */,
			);
			runOnlyForDeploymentPostprocessing = 0;
		};
		E792A78E217D47DD00D46FF7 /* Sources */ = {
			isa = PBXSourcesBuildPhase;
			buildActionMask = 2147483647;
			files = (
				E792A797217D47DD00D46FF7 /* ViewController.swift in Sources */,
				E792A795217D47DD00D46FF7 /* AppDelegate.swift in Sources */,
			);
			runOnlyForDeploymentPostprocessing = 0;
		};
/* End PBXSourcesBuildPhase section */

/* Begin PBXTargetDependency section */
		E75CDE08217D437A00DDC4C8 /* PBXTargetDependency */ = {
			isa = PBXTargetDependency;
			target = E75CDDFB217D437A00DDC4C8 /* CBStore */;
			targetProxy = E75CDE07217D437A00DDC4C8 /* PBXContainerItemProxy */;
		};
		E792A7A6217D482300D46FF7 /* PBXTargetDependency */ = {
			isa = PBXTargetDependency;
			target = E792A791217D47DD00D46FF7 /* CBStoreTestHostApp */;
			targetProxy = E792A7A5217D482300D46FF7 /* PBXContainerItemProxy */;
		};
/* End PBXTargetDependency section */

/* Begin PBXVariantGroup section */
		E792A798217D47DD00D46FF7 /* Main.storyboard */ = {
			isa = PBXVariantGroup;
			children = (
				E792A799217D47DD00D46FF7 /* Base */,
			);
			name = Main.storyboard;
			path = .;
			sourceTree = "<group>";
		};
		E792A79D217D47DE00D46FF7 /* LaunchScreen.storyboard */ = {
			isa = PBXVariantGroup;
			children = (
				E792A79E217D47DE00D46FF7 /* Base */,
			);
			name = LaunchScreen.storyboard;
			path = .;
			sourceTree = "<group>";
		};
/* End PBXVariantGroup section */

/* Begin XCBuildConfiguration section */
		E75CDE0E217D437A00DDC4C8 /* Debug */ = {
			isa = XCBuildConfiguration;
			buildSettings = {
				ALWAYS_SEARCH_USER_PATHS = NO;
				CLANG_ANALYZER_NONNULL = YES;
				CLANG_ANALYZER_NUMBER_OBJECT_CONVERSION = YES_AGGRESSIVE;
				CLANG_CXX_LANGUAGE_STANDARD = "gnu++14";
				CLANG_CXX_LIBRARY = "libc++";
				CLANG_ENABLE_MODULES = YES;
				CLANG_ENABLE_OBJC_ARC = YES;
				CLANG_ENABLE_OBJC_WEAK = YES;
				CLANG_WARN_BLOCK_CAPTURE_AUTORELEASING = YES;
				CLANG_WARN_BOOL_CONVERSION = YES;
				CLANG_WARN_COMMA = YES;
				CLANG_WARN_CONSTANT_CONVERSION = YES;
				CLANG_WARN_DEPRECATED_OBJC_IMPLEMENTATIONS = YES;
				CLANG_WARN_DIRECT_OBJC_ISA_USAGE = YES_ERROR;
				CLANG_WARN_DOCUMENTATION_COMMENTS = YES;
				CLANG_WARN_EMPTY_BODY = YES;
				CLANG_WARN_ENUM_CONVERSION = YES;
				CLANG_WARN_INFINITE_RECURSION = YES;
				CLANG_WARN_INT_CONVERSION = YES;
				CLANG_WARN_NON_LITERAL_NULL_CONVERSION = YES;
				CLANG_WARN_OBJC_IMPLICIT_RETAIN_SELF = YES;
				CLANG_WARN_OBJC_LITERAL_CONVERSION = YES;
				CLANG_WARN_OBJC_ROOT_CLASS = YES_ERROR;
				CLANG_WARN_RANGE_LOOP_ANALYSIS = YES;
				CLANG_WARN_STRICT_PROTOTYPES = YES;
				CLANG_WARN_SUSPICIOUS_MOVE = YES;
				CLANG_WARN_UNGUARDED_AVAILABILITY = YES_AGGRESSIVE;
				CLANG_WARN_UNREACHABLE_CODE = YES;
				CLANG_WARN__DUPLICATE_METHOD_MATCH = YES;
				CODE_SIGN_IDENTITY = "iPhone Developer";
				COPY_PHASE_STRIP = NO;
				CURRENT_PROJECT_VERSION = 1;
				DEBUG_INFORMATION_FORMAT = dwarf;
				ENABLE_STRICT_OBJC_MSGSEND = YES;
				ENABLE_TESTABILITY = YES;
				GCC_C_LANGUAGE_STANDARD = gnu11;
				GCC_DYNAMIC_NO_PIC = NO;
				GCC_NO_COMMON_BLOCKS = YES;
				GCC_OPTIMIZATION_LEVEL = 0;
				GCC_PREPROCESSOR_DEFINITIONS = (
					"DEBUG=1",
					"$(inherited)",
				);
				GCC_WARN_64_TO_32_BIT_CONVERSION = YES;
				GCC_WARN_ABOUT_RETURN_TYPE = YES_ERROR;
				GCC_WARN_UNDECLARED_SELECTOR = YES;
				GCC_WARN_UNINITIALIZED_AUTOS = YES_AGGRESSIVE;
				GCC_WARN_UNUSED_FUNCTION = YES;
				GCC_WARN_UNUSED_VARIABLE = YES;
				IPHONEOS_DEPLOYMENT_TARGET = 12.0;
				MTL_ENABLE_DEBUG_INFO = INCLUDE_SOURCE;
				MTL_FAST_MATH = YES;
				ONLY_ACTIVE_ARCH = YES;
				SDKROOT = iphoneos;
				SWIFT_ACTIVE_COMPILATION_CONDITIONS = DEBUG;
				SWIFT_OPTIMIZATION_LEVEL = "-Onone";
				SWIFT_VERSION = 4.2;
				VERSIONING_SYSTEM = "apple-generic";
				VERSION_INFO_PREFIX = "";
			};
			name = Debug;
		};
		E75CDE0F217D437A00DDC4C8 /* Release */ = {
			isa = XCBuildConfiguration;
			buildSettings = {
				ALWAYS_SEARCH_USER_PATHS = NO;
				CLANG_ANALYZER_NONNULL = YES;
				CLANG_ANALYZER_NUMBER_OBJECT_CONVERSION = YES_AGGRESSIVE;
				CLANG_CXX_LANGUAGE_STANDARD = "gnu++14";
				CLANG_CXX_LIBRARY = "libc++";
				CLANG_ENABLE_MODULES = YES;
				CLANG_ENABLE_OBJC_ARC = YES;
				CLANG_ENABLE_OBJC_WEAK = YES;
				CLANG_WARN_BLOCK_CAPTURE_AUTORELEASING = YES;
				CLANG_WARN_BOOL_CONVERSION = YES;
				CLANG_WARN_COMMA = YES;
				CLANG_WARN_CONSTANT_CONVERSION = YES;
				CLANG_WARN_DEPRECATED_OBJC_IMPLEMENTATIONS = YES;
				CLANG_WARN_DIRECT_OBJC_ISA_USAGE = YES_ERROR;
				CLANG_WARN_DOCUMENTATION_COMMENTS = YES;
				CLANG_WARN_EMPTY_BODY = YES;
				CLANG_WARN_ENUM_CONVERSION = YES;
				CLANG_WARN_INFINITE_RECURSION = YES;
				CLANG_WARN_INT_CONVERSION = YES;
				CLANG_WARN_NON_LITERAL_NULL_CONVERSION = YES;
				CLANG_WARN_OBJC_IMPLICIT_RETAIN_SELF = YES;
				CLANG_WARN_OBJC_LITERAL_CONVERSION = YES;
				CLANG_WARN_OBJC_ROOT_CLASS = YES_ERROR;
				CLANG_WARN_RANGE_LOOP_ANALYSIS = YES;
				CLANG_WARN_STRICT_PROTOTYPES = YES;
				CLANG_WARN_SUSPICIOUS_MOVE = YES;
				CLANG_WARN_UNGUARDED_AVAILABILITY = YES_AGGRESSIVE;
				CLANG_WARN_UNREACHABLE_CODE = YES;
				CLANG_WARN__DUPLICATE_METHOD_MATCH = YES;
				CODE_SIGN_IDENTITY = "iPhone Developer";
				COPY_PHASE_STRIP = NO;
				CURRENT_PROJECT_VERSION = 1;
				DEBUG_INFORMATION_FORMAT = "dwarf-with-dsym";
				ENABLE_NS_ASSERTIONS = NO;
				ENABLE_STRICT_OBJC_MSGSEND = YES;
				GCC_C_LANGUAGE_STANDARD = gnu11;
				GCC_NO_COMMON_BLOCKS = YES;
				GCC_WARN_64_TO_32_BIT_CONVERSION = YES;
				GCC_WARN_ABOUT_RETURN_TYPE = YES_ERROR;
				GCC_WARN_UNDECLARED_SELECTOR = YES;
				GCC_WARN_UNINITIALIZED_AUTOS = YES_AGGRESSIVE;
				GCC_WARN_UNUSED_FUNCTION = YES;
				GCC_WARN_UNUSED_VARIABLE = YES;
				IPHONEOS_DEPLOYMENT_TARGET = 12.0;
				MTL_ENABLE_DEBUG_INFO = NO;
				MTL_FAST_MATH = YES;
				SDKROOT = iphoneos;
				SWIFT_COMPILATION_MODE = wholemodule;
				SWIFT_OPTIMIZATION_LEVEL = "-O";
				SWIFT_VERSION = 4.2;
				VALIDATE_PRODUCT = YES;
				VERSIONING_SYSTEM = "apple-generic";
				VERSION_INFO_PREFIX = "";
			};
			name = Release;
		};
		E75CDE11217D437A00DDC4C8 /* Debug */ = {
			isa = XCBuildConfiguration;
			baseConfigurationReference = 1262E01D45D7E7DE885A7CE8 /* Pods-CBStore.debug.xcconfig */;
			buildSettings = {
				CODE_SIGN_IDENTITY = "";
				CODE_SIGN_STYLE = Manual;
				DEFINES_MODULE = YES;
				DEVELOPMENT_TEAM = "";
				DYLIB_COMPATIBILITY_VERSION = 1;
				DYLIB_CURRENT_VERSION = 1;
				DYLIB_INSTALL_NAME_BASE = "@rpath";
				ENTITLEMENTS_REQUIRED = YES;
				INFOPLIST_FILE = "$(SRCROOT)/CBStore/Module/Info.plist";
				INSTALL_PATH = "$(LOCAL_LIBRARY_DIR)/Frameworks";
				LD_RUNPATH_SEARCH_PATHS = (
					"$(inherited)",
					"@executable_path/Frameworks",
					"@loader_path/Frameworks",
				);
				PRODUCT_BUNDLE_IDENTIFIER = com.coinbase.wallet.stores.Stores;
				PRODUCT_NAME = "$(TARGET_NAME:c99extidentifier)";
				PROVISIONING_PROFILE_SPECIFIER = "";
				SKIP_INSTALL = YES;
				"SWIFT_ACTIVE_COMPILATION_CONDITIONS[sdk=iphonesimulator*]" = "DEBUG SIMULATOR";
				SWIFT_VERSION = 4.2;
				TARGETED_DEVICE_FAMILY = "1,2";
			};
			name = Debug;
		};
		E75CDE12217D437A00DDC4C8 /* Release */ = {
			isa = XCBuildConfiguration;
			baseConfigurationReference = 6BD01A1F071B1A67238F4126 /* Pods-CBStore.release.xcconfig */;
			buildSettings = {
				CODE_SIGN_IDENTITY = "";
				CODE_SIGN_STYLE = Manual;
				DEFINES_MODULE = YES;
				DEVELOPMENT_TEAM = "";
				DYLIB_COMPATIBILITY_VERSION = 1;
				DYLIB_CURRENT_VERSION = 1;
				DYLIB_INSTALL_NAME_BASE = "@rpath";
				ENTITLEMENTS_REQUIRED = YES;
				INFOPLIST_FILE = "$(SRCROOT)/CBStore/Module/Info.plist";
				INSTALL_PATH = "$(LOCAL_LIBRARY_DIR)/Frameworks";
				LD_RUNPATH_SEARCH_PATHS = (
					"$(inherited)",
					"@executable_path/Frameworks",
					"@loader_path/Frameworks",
				);
				PRODUCT_BUNDLE_IDENTIFIER = com.coinbase.wallet.stores.Stores;
				PRODUCT_NAME = "$(TARGET_NAME:c99extidentifier)";
				PROVISIONING_PROFILE_SPECIFIER = "";
				SKIP_INSTALL = YES;
				SWIFT_VERSION = 4.2;
				TARGETED_DEVICE_FAMILY = "1,2";
			};
			name = Release;
		};
		E75CDE14217D437A00DDC4C8 /* Debug */ = {
			isa = XCBuildConfiguration;
			baseConfigurationReference = A5AD7B90C93FB605A25805FF /* Pods-CBStoreTests.debug.xcconfig */;
			buildSettings = {
				ALWAYS_EMBED_SWIFT_STANDARD_LIBRARIES = YES;
				BUNDLE_LOADER = "$(TEST_HOST)";
				CODE_SIGN_STYLE = Manual;
				DEVELOPMENT_TEAM = "";
				ENTITLEMENTS_REQUIRED = YES;
				INFOPLIST_FILE = StoresTests/Info.plist;
				LD_RUNPATH_SEARCH_PATHS = (
					"$(inherited)",
					"@executable_path/Frameworks",
					"@loader_path/Frameworks",
				);
				PRODUCT_BUNDLE_IDENTIFIER = com.coinbase.wallet.stores.StoresTests;
				PRODUCT_NAME = "$(TARGET_NAME)";
				PROVISIONING_PROFILE_SPECIFIER = "";
				"SWIFT_ACTIVE_COMPILATION_CONDITIONS[sdk=iphonesimulator*]" = "SIMULATOR DEBUG";
				SWIFT_VERSION = 4.2;
				TARGETED_DEVICE_FAMILY = "1,2";
				TEST_HOST = "$(BUILT_PRODUCTS_DIR)/CBStoreTestHostApp.app/CBStoreTestHostApp";
			};
			name = Debug;
		};
		E75CDE15217D437A00DDC4C8 /* Release */ = {
			isa = XCBuildConfiguration;
			baseConfigurationReference = F283C25CB67B68CB78CFCADD /* Pods-CBStoreTests.release.xcconfig */;
			buildSettings = {
				ALWAYS_EMBED_SWIFT_STANDARD_LIBRARIES = YES;
				BUNDLE_LOADER = "$(TEST_HOST)";
				CODE_SIGN_STYLE = Manual;
				DEVELOPMENT_TEAM = "";
				ENTITLEMENTS_REQUIRED = YES;
				INFOPLIST_FILE = StoresTests/Info.plist;
				LD_RUNPATH_SEARCH_PATHS = (
					"$(inherited)",
					"@executable_path/Frameworks",
					"@loader_path/Frameworks",
				);
				PRODUCT_BUNDLE_IDENTIFIER = com.coinbase.wallet.stores.StoresTests;
				PRODUCT_NAME = "$(TARGET_NAME)";
				PROVISIONING_PROFILE_SPECIFIER = "";
				SWIFT_VERSION = 4.2;
				TARGETED_DEVICE_FAMILY = "1,2";
				TEST_HOST = "$(BUILT_PRODUCTS_DIR)/CBStoreTestHostApp.app/CBStoreTestHostApp";
			};
			name = Release;
		};
		E792A7A2217D47DE00D46FF7 /* Debug */ = {
			isa = XCBuildConfiguration;
			buildSettings = {
				ASSETCATALOG_COMPILER_APPICON_NAME = AppIcon;
				CODE_SIGN_ENTITLEMENTS = StoresTestHostApp/StoresTestHostApp.entitlements;
				CODE_SIGN_STYLE = Manual;
				DEVELOPMENT_TEAM = 2Y9T96JTZT;
				INFOPLIST_FILE = StoresTestHostApp/Info.plist;
				LD_RUNPATH_SEARCH_PATHS = (
					"$(inherited)",
					"@executable_path/Frameworks",
				);
				PRODUCT_BUNDLE_IDENTIFIER = com.coinbase.wallet.stores.StoresTestHostApp;
				PRODUCT_NAME = "$(TARGET_NAME)";
				PROVISIONING_PROFILE_SPECIFIER = "";
				"SWIFT_ACTIVE_COMPILATION_CONDITIONS[sdk=iphonesimulator*]" = "DEBUG SIMULATOR";
				SWIFT_VERSION = 4.2;
				TARGETED_DEVICE_FAMILY = "1,2";
			};
			name = Debug;
		};
		E792A7A3217D47DE00D46FF7 /* Release */ = {
			isa = XCBuildConfiguration;
			buildSettings = {
				ASSETCATALOG_COMPILER_APPICON_NAME = AppIcon;
				CODE_SIGN_ENTITLEMENTS = StoresTestHostApp/StoresTestHostApp.entitlements;
				CODE_SIGN_STYLE = Manual;
				DEVELOPMENT_TEAM = "";
				INFOPLIST_FILE = StoresTestHostApp/Info.plist;
				LD_RUNPATH_SEARCH_PATHS = (
					"$(inherited)",
					"@executable_path/Frameworks",
				);
				PRODUCT_BUNDLE_IDENTIFIER = com.coinbase.wallet.stores.StoresTestHostApp;
				PRODUCT_NAME = "$(TARGET_NAME)";
				PROVISIONING_PROFILE_SPECIFIER = "";
				SWIFT_VERSION = 4.2;
				TARGETED_DEVICE_FAMILY = "1,2";
			};
			name = Release;
		};
/* End XCBuildConfiguration section */

/* Begin XCConfigurationList section */
		E75CDDF6217D437A00DDC4C8 /* Build configuration list for PBXProject "CBStore" */ = {
			isa = XCConfigurationList;
			buildConfigurations = (
				E75CDE0E217D437A00DDC4C8 /* Debug */,
				E75CDE0F217D437A00DDC4C8 /* Release */,
			);
			defaultConfigurationIsVisible = 0;
			defaultConfigurationName = Release;
		};
		E75CDE10217D437A00DDC4C8 /* Build configuration list for PBXNativeTarget "CBStore" */ = {
			isa = XCConfigurationList;
			buildConfigurations = (
				E75CDE11217D437A00DDC4C8 /* Debug */,
				E75CDE12217D437A00DDC4C8 /* Release */,
			);
			defaultConfigurationIsVisible = 0;
			defaultConfigurationName = Release;
		};
		E75CDE13217D437A00DDC4C8 /* Build configuration list for PBXNativeTarget "CBStoreTests" */ = {
			isa = XCConfigurationList;
			buildConfigurations = (
				E75CDE14217D437A00DDC4C8 /* Debug */,
				E75CDE15217D437A00DDC4C8 /* Release */,
			);
			defaultConfigurationIsVisible = 0;
			defaultConfigurationName = Release;
		};
		E792A7A1217D47DE00D46FF7 /* Build configuration list for PBXNativeTarget "CBStoreTestHostApp" */ = {
			isa = XCConfigurationList;
			buildConfigurations = (
				E792A7A2217D47DE00D46FF7 /* Debug */,
				E792A7A3217D47DE00D46FF7 /* Release */,
			);
			defaultConfigurationIsVisible = 0;
			defaultConfigurationName = Release;
		};
/* End XCConfigurationList section */
	};
	rootObject = E75CDDF3217D437A00DDC4C8 /* Project object */;
}
